// !$*UTF8*$!
{
	archiveVersion = 1;
	classes = {
	};
	objectVersion = 55;
	objects = {

/* Begin PBXBuildFile section */
		02CEA724C3CE3F5189BC5F8F /* Pods_E_Commerce_Application_Admin.framework in Frameworks */ = {isa = PBXBuildFile; fileRef = 76A6C6B82A0884127A104E5A /* Pods_E_Commerce_Application_Admin.framework */; };
		09C05C93285C78F80071F607 /* E_Commerce_Application_AdminApp.swift in Sources */ = {isa = PBXBuildFile; fileRef = 09C05C92285C78F80071F607 /* E_Commerce_Application_AdminApp.swift */; };
		09C05C95285C78F80071F607 /* ContentView.swift in Sources */ = {isa = PBXBuildFile; fileRef = 09C05C94285C78F80071F607 /* ContentView.swift */; };
		09C05C97285C78FD0071F607 /* Assets.xcassets in Resources */ = {isa = PBXBuildFile; fileRef = 09C05C96285C78FD0071F607 /* Assets.xcassets */; };
		09C05C9A285C78FD0071F607 /* Preview Assets.xcassets in Resources */ = {isa = PBXBuildFile; fileRef = 09C05C99285C78FD0071F607 /* Preview Assets.xcassets */; };
		09C05C9C285C78FD0071F607 /* Persistence.swift in Sources */ = {isa = PBXBuildFile; fileRef = 09C05C9B285C78FD0071F607 /* Persistence.swift */; };
		09C05C9F285C78FD0071F607 /* E_Commerce_Application_Admin.xcdatamodeld in Sources */ = {isa = PBXBuildFile; fileRef = 09C05C9D285C78FD0071F607 /* E_Commerce_Application_Admin.xcdatamodeld */; };
		09C05CA9285C78FE0071F607 /* E_Commerce_Application_AdminTests.swift in Sources */ = {isa = PBXBuildFile; fileRef = 09C05CA8285C78FE0071F607 /* E_Commerce_Application_AdminTests.swift */; };
		09C05CB3285C78FE0071F607 /* E_Commerce_Application_AdminUITests.swift in Sources */ = {isa = PBXBuildFile; fileRef = 09C05CB2285C78FE0071F607 /* E_Commerce_Application_AdminUITests.swift */; };
		09C05CB5285C78FE0071F607 /* E_Commerce_Application_AdminUITestsLaunchTests.swift in Sources */ = {isa = PBXBuildFile; fileRef = 09C05CB4285C78FE0071F607 /* E_Commerce_Application_AdminUITestsLaunchTests.swift */; };
		3B383A153540287029E11E9D /* Pods_E_Commerce_Application_Admin_E_Commerce_Application_AdminUITests.framework in Frameworks */ = {isa = PBXBuildFile; fileRef = D480A8297474A09F5715C445 /* Pods_E_Commerce_Application_Admin_E_Commerce_Application_AdminUITests.framework */; };
		E1CAFE533B5C8CE185633E8A /* Pods_E_Commerce_Application_AdminTests.framework in Frameworks */ = {isa = PBXBuildFile; fileRef = 1FD6CF80C32213E3647AE510 /* Pods_E_Commerce_Application_AdminTests.framework */; };
/* End PBXBuildFile section */

/* Begin PBXContainerItemProxy section */
		09C05CA5285C78FE0071F607 /* PBXContainerItemProxy */ = {
			isa = PBXContainerItemProxy;
			containerPortal = 09C05C87285C78F80071F607 /* Project object */;
			proxyType = 1;
			remoteGlobalIDString = 09C05C8E285C78F80071F607;
			remoteInfo = "E-Commerce Application Admin";
		};
		09C05CAF285C78FE0071F607 /* PBXContainerItemProxy */ = {
			isa = PBXContainerItemProxy;
			containerPortal = 09C05C87285C78F80071F607 /* Project object */;
			proxyType = 1;
			remoteGlobalIDString = 09C05C8E285C78F80071F607;
			remoteInfo = "E-Commerce Application Admin";
		};
/* End PBXContainerItemProxy section */

/* Begin PBXFileReference section */
		09C05C8F285C78F80071F607 /* E-Commerce Application Admin.app */ = {isa = PBXFileReference; explicitFileType = wrapper.application; includeInIndex = 0; path = "E-Commerce Application Admin.app"; sourceTree = BUILT_PRODUCTS_DIR; };
		09C05C92285C78F80071F607 /* E_Commerce_Application_AdminApp.swift */ = {isa = PBXFileReference; lastKnownFileType = sourcecode.swift; path = E_Commerce_Application_AdminApp.swift; sourceTree = "<group>"; };
		09C05C94285C78F80071F607 /* ContentView.swift */ = {isa = PBXFileReference; lastKnownFileType = sourcecode.swift; path = ContentView.swift; sourceTree = "<group>"; };
		09C05C96285C78FD0071F607 /* Assets.xcassets */ = {isa = PBXFileReference; lastKnownFileType = folder.assetcatalog; path = Assets.xcassets; sourceTree = "<group>"; };
		09C05C99285C78FD0071F607 /* Preview Assets.xcassets */ = {isa = PBXFileReference; lastKnownFileType = folder.assetcatalog; path = "Preview Assets.xcassets"; sourceTree = "<group>"; };
		09C05C9B285C78FD0071F607 /* Persistence.swift */ = {isa = PBXFileReference; lastKnownFileType = sourcecode.swift; path = Persistence.swift; sourceTree = "<group>"; };
		09C05C9E285C78FD0071F607 /* E_Commerce_Application_Admin.xcdatamodel */ = {isa = PBXFileReference; lastKnownFileType = wrapper.xcdatamodel; path = E_Commerce_Application_Admin.xcdatamodel; sourceTree = "<group>"; };
		09C05CA4285C78FE0071F607 /* E-Commerce Application AdminTests.xctest */ = {isa = PBXFileReference; explicitFileType = wrapper.cfbundle; includeInIndex = 0; path = "E-Commerce Application AdminTests.xctest"; sourceTree = BUILT_PRODUCTS_DIR; };
		09C05CA8285C78FE0071F607 /* E_Commerce_Application_AdminTests.swift */ = {isa = PBXFileReference; lastKnownFileType = sourcecode.swift; path = E_Commerce_Application_AdminTests.swift; sourceTree = "<group>"; };
		09C05CAE285C78FE0071F607 /* E-Commerce Application AdminUITests.xctest */ = {isa = PBXFileReference; explicitFileType = wrapper.cfbundle; includeInIndex = 0; path = "E-Commerce Application AdminUITests.xctest"; sourceTree = BUILT_PRODUCTS_DIR; };
		09C05CB2285C78FE0071F607 /* E_Commerce_Application_AdminUITests.swift */ = {isa = PBXFileReference; lastKnownFileType = sourcecode.swift; path = E_Commerce_Application_AdminUITests.swift; sourceTree = "<group>"; };
		09C05CB4285C78FE0071F607 /* E_Commerce_Application_AdminUITestsLaunchTests.swift */ = {isa = PBXFileReference; lastKnownFileType = sourcecode.swift; path = E_Commerce_Application_AdminUITestsLaunchTests.swift; sourceTree = "<group>"; };
		1FD6CF80C32213E3647AE510 /* Pods_E_Commerce_Application_AdminTests.framework */ = {isa = PBXFileReference; explicitFileType = wrapper.framework; includeInIndex = 0; path = Pods_E_Commerce_Application_AdminTests.framework; sourceTree = BUILT_PRODUCTS_DIR; };
		2AA8B8A96E41445638717CDE /* Pods-E-Commerce Application Admin.debug.xcconfig */ = {isa = PBXFileReference; includeInIndex = 1; lastKnownFileType = text.xcconfig; name = "Pods-E-Commerce Application Admin.debug.xcconfig"; path = "Target Support Files/Pods-E-Commerce Application Admin/Pods-E-Commerce Application Admin.debug.xcconfig"; sourceTree = "<group>"; };
		709EB86679631A036726A575 /* Pods-E-Commerce Application Admin-E-Commerce Application AdminUITests.release.xcconfig */ = {isa = PBXFileReference; includeInIndex = 1; lastKnownFileType = text.xcconfig; name = "Pods-E-Commerce Application Admin-E-Commerce Application AdminUITests.release.xcconfig"; path = "Target Support Files/Pods-E-Commerce Application Admin-E-Commerce Application AdminUITests/Pods-E-Commerce Application Admin-E-Commerce Application AdminUITests.release.xcconfig"; sourceTree = "<group>"; };
		76A6C6B82A0884127A104E5A /* Pods_E_Commerce_Application_Admin.framework */ = {isa = PBXFileReference; explicitFileType = wrapper.framework; includeInIndex = 0; path = Pods_E_Commerce_Application_Admin.framework; sourceTree = BUILT_PRODUCTS_DIR; };
		A87B3E112B2FE9A4DC5C22A1 /* Pods-E-Commerce Application Admin.release.xcconfig */ = {isa = PBXFileReference; includeInIndex = 1; lastKnownFileType = text.xcconfig; name = "Pods-E-Commerce Application Admin.release.xcconfig"; path = "Target Support Files/Pods-E-Commerce Application Admin/Pods-E-Commerce Application Admin.release.xcconfig"; sourceTree = "<group>"; };
		D3B2D6E70271CFF581A51991 /* Pods-E-Commerce Application Admin-E-Commerce Application AdminUITests.debug.xcconfig */ = {isa = PBXFileReference; includeInIndex = 1; lastKnownFileType = text.xcconfig; name = "Pods-E-Commerce Application Admin-E-Commerce Application AdminUITests.debug.xcconfig"; path = "Target Support Files/Pods-E-Commerce Application Admin-E-Commerce Application AdminUITests/Pods-E-Commerce Application Admin-E-Commerce Application AdminUITests.debug.xcconfig"; sourceTree = "<group>"; };
		D480A8297474A09F5715C445 /* Pods_E_Commerce_Application_Admin_E_Commerce_Application_AdminUITests.framework */ = {isa = PBXFileReference; explicitFileType = wrapper.framework; includeInIndex = 0; path = Pods_E_Commerce_Application_Admin_E_Commerce_Application_AdminUITests.framework; sourceTree = BUILT_PRODUCTS_DIR; };
		D61E02A1BAF8CF469BC88366 /* Pods-E-Commerce Application AdminTests.debug.xcconfig */ = {isa = PBXFileReference; includeInIndex = 1; lastKnownFileType = text.xcconfig; name = "Pods-E-Commerce Application AdminTests.debug.xcconfig"; path = "Target Support Files/Pods-E-Commerce Application AdminTests/Pods-E-Commerce Application AdminTests.debug.xcconfig"; sourceTree = "<group>"; };
		D70CC7EA7604CD1402C38279 /* Pods-E-Commerce Application AdminTests.release.xcconfig */ = {isa = PBXFileReference; includeInIndex = 1; lastKnownFileType = text.xcconfig; name = "Pods-E-Commerce Application AdminTests.release.xcconfig"; path = "Target Support Files/Pods-E-Commerce Application AdminTests/Pods-E-Commerce Application AdminTests.release.xcconfig"; sourceTree = "<group>"; };
/* End PBXFileReference section */

/* Begin PBXFrameworksBuildPhase section */
		09C05C8C285C78F80071F607 /* Frameworks */ = {
			isa = PBXFrameworksBuildPhase;
			buildActionMask = 2147483647;
			files = (
				02CEA724C3CE3F5189BC5F8F /* Pods_E_Commerce_Application_Admin.framework in Frameworks */,
			);
			runOnlyForDeploymentPostprocessing = 0;
		};
		09C05CA1285C78FE0071F607 /* Frameworks */ = {
			isa = PBXFrameworksBuildPhase;
			buildActionMask = 2147483647;
			files = (
				E1CAFE533B5C8CE185633E8A /* Pods_E_Commerce_Application_AdminTests.framework in Frameworks */,
			);
			runOnlyForDeploymentPostprocessing = 0;
		};
		09C05CAB285C78FE0071F607 /* Frameworks */ = {
			isa = PBXFrameworksBuildPhase;
			buildActionMask = 2147483647;
			files = (
				3B383A153540287029E11E9D /* Pods_E_Commerce_Application_Admin_E_Commerce_Application_AdminUITests.framework in Frameworks */,
			);
			runOnlyForDeploymentPostprocessing = 0;
		};
/* End PBXFrameworksBuildPhase section */

/* Begin PBXGroup section */
		09C05C86285C78F80071F607 = {
			isa = PBXGroup;
			children = (
				09C05C91285C78F80071F607 /* E-Commerce Application Admin */,
				09C05CA7285C78FE0071F607 /* E-Commerce Application AdminTests */,
				09C05CB1285C78FE0071F607 /* E-Commerce Application AdminUITests */,
				09C05C90285C78F80071F607 /* Products */,
				24A1E5D6B9C6DDD7048E2252 /* Pods */,
				0BEDB9EE08ED7638B6FCB61D /* Frameworks */,
			);
			sourceTree = "<group>";
		};
		09C05C90285C78F80071F607 /* Products */ = {
			isa = PBXGroup;
			children = (
				09C05C8F285C78F80071F607 /* E-Commerce Application Admin.app */,
				09C05CA4285C78FE0071F607 /* E-Commerce Application AdminTests.xctest */,
				09C05CAE285C78FE0071F607 /* E-Commerce Application AdminUITests.xctest */,
			);
			name = Products;
			sourceTree = "<group>";
		};
		09C05C91285C78F80071F607 /* E-Commerce Application Admin */ = {
			isa = PBXGroup;
			children = (
				09C05C92285C78F80071F607 /* E_Commerce_Application_AdminApp.swift */,
				09C05C94285C78F80071F607 /* ContentView.swift */,
				09C05C96285C78FD0071F607 /* Assets.xcassets */,
				09C05C9B285C78FD0071F607 /* Persistence.swift */,
				09C05C9D285C78FD0071F607 /* E_Commerce_Application_Admin.xcdatamodeld */,
				09C05C98285C78FD0071F607 /* Preview Content */,
			);
			path = "E-Commerce Application Admin";
			sourceTree = "<group>";
		};
		09C05C98285C78FD0071F607 /* Preview Content */ = {
			isa = PBXGroup;
			children = (
				09C05C99285C78FD0071F607 /* Preview Assets.xcassets */,
			);
			path = "Preview Content";
			sourceTree = "<group>";
		};
		09C05CA7285C78FE0071F607 /* E-Commerce Application AdminTests */ = {
			isa = PBXGroup;
			children = (
				09C05CA8285C78FE0071F607 /* E_Commerce_Application_AdminTests.swift */,
			);
			path = "E-Commerce Application AdminTests";
			sourceTree = "<group>";
		};
		09C05CB1285C78FE0071F607 /* E-Commerce Application AdminUITests */ = {
			isa = PBXGroup;
			children = (
				09C05CB2285C78FE0071F607 /* E_Commerce_Application_AdminUITests.swift */,
				09C05CB4285C78FE0071F607 /* E_Commerce_Application_AdminUITestsLaunchTests.swift */,
			);
			path = "E-Commerce Application AdminUITests";
			sourceTree = "<group>";
		};
		0BEDB9EE08ED7638B6FCB61D /* Frameworks */ = {
			isa = PBXGroup;
			children = (
				76A6C6B82A0884127A104E5A /* Pods_E_Commerce_Application_Admin.framework */,
				D480A8297474A09F5715C445 /* Pods_E_Commerce_Application_Admin_E_Commerce_Application_AdminUITests.framework */,
				1FD6CF80C32213E3647AE510 /* Pods_E_Commerce_Application_AdminTests.framework */,
			);
			name = Frameworks;
			sourceTree = "<group>";
		};
		24A1E5D6B9C6DDD7048E2252 /* Pods */ = {
			isa = PBXGroup;
			children = (
				2AA8B8A96E41445638717CDE /* Pods-E-Commerce Application Admin.debug.xcconfig */,
				A87B3E112B2FE9A4DC5C22A1 /* Pods-E-Commerce Application Admin.release.xcconfig */,
				D3B2D6E70271CFF581A51991 /* Pods-E-Commerce Application Admin-E-Commerce Application AdminUITests.debug.xcconfig */,
				709EB86679631A036726A575 /* Pods-E-Commerce Application Admin-E-Commerce Application AdminUITests.release.xcconfig */,
				D61E02A1BAF8CF469BC88366 /* Pods-E-Commerce Application AdminTests.debug.xcconfig */,
				D70CC7EA7604CD1402C38279 /* Pods-E-Commerce Application AdminTests.release.xcconfig */,
			);
			name = Pods;
			path = Pods;
			sourceTree = "<group>";
		};
/* End PBXGroup section */

/* Begin PBXNativeTarget section */
		09C05C8E285C78F80071F607 /* E-Commerce Application Admin */ = {
			isa = PBXNativeTarget;
			buildConfigurationList = 09C05CB8285C78FE0071F607 /* Build configuration list for PBXNativeTarget "E-Commerce Application Admin" */;
			buildPhases = (
				A4B2E48E4255CB36E942F45B /* [CP] Check Pods Manifest.lock */,
				09C05C8B285C78F80071F607 /* Sources */,
				09C05C8C285C78F80071F607 /* Frameworks */,
				09C05C8D285C78F80071F607 /* Resources */,
				D0B3196A8C5BB8B31E3D976C /* [CP] Embed Pods Frameworks */,
			);
			buildRules = (
			);
			dependencies = (
			);
			name = "E-Commerce Application Admin";
			productName = "E-Commerce Application Admin";
			productReference = 09C05C8F285C78F80071F607 /* E-Commerce Application Admin.app */;
			productType = "com.apple.product-type.application";
		};
		09C05CA3285C78FE0071F607 /* E-Commerce Application AdminTests */ = {
			isa = PBXNativeTarget;
			buildConfigurationList = 09C05CBB285C78FE0071F607 /* Build configuration list for PBXNativeTarget "E-Commerce Application AdminTests" */;
			buildPhases = (
				B91DEFBD93F1EB82108623F9 /* [CP] Check Pods Manifest.lock */,
				09C05CA0285C78FE0071F607 /* Sources */,
				09C05CA1285C78FE0071F607 /* Frameworks */,
				09C05CA2285C78FE0071F607 /* Resources */,
			);
			buildRules = (
			);
			dependencies = (
				09C05CA6285C78FE0071F607 /* PBXTargetDependency */,
			);
			name = "E-Commerce Application AdminTests";
			productName = "E-Commerce Application AdminTests";
			productReference = 09C05CA4285C78FE0071F607 /* E-Commerce Application AdminTests.xctest */;
			productType = "com.apple.product-type.bundle.unit-test";
		};
		09C05CAD285C78FE0071F607 /* E-Commerce Application AdminUITests */ = {
			isa = PBXNativeTarget;
			buildConfigurationList = 09C05CBE285C78FE0071F607 /* Build configuration list for PBXNativeTarget "E-Commerce Application AdminUITests" */;
			buildPhases = (
				348474D96FDFCBE658F19306 /* [CP] Check Pods Manifest.lock */,
				09C05CAA285C78FE0071F607 /* Sources */,
				09C05CAB285C78FE0071F607 /* Frameworks */,
				09C05CAC285C78FE0071F607 /* Resources */,
				A075F1F2EF55A688EA4D0D39 /* [CP] Embed Pods Frameworks */,
			);
			buildRules = (
			);
			dependencies = (
				09C05CB0285C78FE0071F607 /* PBXTargetDependency */,
			);
			name = "E-Commerce Application AdminUITests";
			productName = "E-Commerce Application AdminUITests";
			productReference = 09C05CAE285C78FE0071F607 /* E-Commerce Application AdminUITests.xctest */;
			productType = "com.apple.product-type.bundle.ui-testing";
		};
/* End PBXNativeTarget section */

/* Begin PBXProject section */
		09C05C87285C78F80071F607 /* Project object */ = {
			isa = PBXProject;
			attributes = {
				BuildIndependentTargetsInParallel = 1;
				LastSwiftUpdateCheck = 1330;
				LastUpgradeCheck = 1330;
				TargetAttributes = {
					09C05C8E285C78F80071F607 = {
						CreatedOnToolsVersion = 13.3.1;
					};
					09C05CA3285C78FE0071F607 = {
						CreatedOnToolsVersion = 13.3.1;
						TestTargetID = 09C05C8E285C78F80071F607;
					};
					09C05CAD285C78FE0071F607 = {
						CreatedOnToolsVersion = 13.3.1;
						TestTargetID = 09C05C8E285C78F80071F607;
					};
				};
			};
			buildConfigurationList = 09C05C8A285C78F80071F607 /* Build configuration list for PBXProject "E-Commerce Application Admin" */;
			compatibilityVersion = "Xcode 13.0";
			developmentRegion = en;
			hasScannedForEncodings = 0;
			knownRegions = (
				en,
				Base,
			);
			mainGroup = 09C05C86285C78F80071F607;
			productRefGroup = 09C05C90285C78F80071F607 /* Products */;
			projectDirPath = "";
			projectRoot = "";
			targets = (
				09C05C8E285C78F80071F607 /* E-Commerce Application Admin */,
				09C05CA3285C78FE0071F607 /* E-Commerce Application AdminTests */,
				09C05CAD285C78FE0071F607 /* E-Commerce Application AdminUITests */,
			);
		};
/* End PBXProject section */

/* Begin PBXResourcesBuildPhase section */
		09C05C8D285C78F80071F607 /* Resources */ = {
			isa = PBXResourcesBuildPhase;
			buildActionMask = 2147483647;
			files = (
				09C05C9A285C78FD0071F607 /* Preview Assets.xcassets in Resources */,
				09C05C97285C78FD0071F607 /* Assets.xcassets in Resources */,
			);
			runOnlyForDeploymentPostprocessing = 0;
		};
		09C05CA2285C78FE0071F607 /* Resources */ = {
			isa = PBXResourcesBuildPhase;
			buildActionMask = 2147483647;
			files = (
			);
			runOnlyForDeploymentPostprocessing = 0;
		};
		09C05CAC285C78FE0071F607 /* Resources */ = {
			isa = PBXResourcesBuildPhase;
			buildActionMask = 2147483647;
			files = (
			);
			runOnlyForDeploymentPostprocessing = 0;
		};
/* End PBXResourcesBuildPhase section */

/* Begin PBXShellScriptBuildPhase section */
		348474D96FDFCBE658F19306 /* [CP] Check Pods Manifest.lock */ = {
			isa = PBXShellScriptBuildPhase;
			buildActionMask = 2147483647;
			files = (
			);
			inputFileListPaths = (
			);
			inputPaths = (
				"${PODS_PODFILE_DIR_PATH}/Podfile.lock",
				"${PODS_ROOT}/Manifest.lock",
			);
			name = "[CP] Check Pods Manifest.lock";
			outputFileListPaths = (
			);
			outputPaths = (
				"$(DERIVED_FILE_DIR)/Pods-E-Commerce Application Admin-E-Commerce Application AdminUITests-checkManifestLockResult.txt",
			);
			runOnlyForDeploymentPostprocessing = 0;
			shellPath = /bin/sh;
			shellScript = "diff \"${PODS_PODFILE_DIR_PATH}/Podfile.lock\" \"${PODS_ROOT}/Manifest.lock\" > /dev/null\nif [ $? != 0 ] ; then\n    # print error to STDERR\n    echo \"error: The sandbox is not in sync with the Podfile.lock. Run 'pod install' or update your CocoaPods installation.\" >&2\n    exit 1\nfi\n# This output is used by Xcode 'outputs' to avoid re-running this script phase.\necho \"SUCCESS\" > \"${SCRIPT_OUTPUT_FILE_0}\"\n";
			showEnvVarsInLog = 0;
		};
		A075F1F2EF55A688EA4D0D39 /* [CP] Embed Pods Frameworks */ = {
			isa = PBXShellScriptBuildPhase;
			buildActionMask = 2147483647;
			files = (
			);
			inputFileListPaths = (
				"${PODS_ROOT}/Target Support Files/Pods-E-Commerce Application Admin-E-Commerce Application AdminUITests/Pods-E-Commerce Application Admin-E-Commerce Application AdminUITests-frameworks-${CONFIGURATION}-input-files.xcfilelist",
			);
			name = "[CP] Embed Pods Frameworks";
			outputFileListPaths = (
				"${PODS_ROOT}/Target Support Files/Pods-E-Commerce Application Admin-E-Commerce Application AdminUITests/Pods-E-Commerce Application Admin-E-Commerce Application AdminUITests-frameworks-${CONFIGURATION}-output-files.xcfilelist",
			);
			runOnlyForDeploymentPostprocessing = 0;
			shellPath = /bin/sh;
			shellScript = "\"${PODS_ROOT}/Target Support Files/Pods-E-Commerce Application Admin-E-Commerce Application AdminUITests/Pods-E-Commerce Application Admin-E-Commerce Application AdminUITests-frameworks.sh\"\n";
			showEnvVarsInLog = 0;
		};
		A4B2E48E4255CB36E942F45B /* [CP] Check Pods Manifest.lock */ = {
			isa = PBXShellScriptBuildPhase;
			buildActionMask = 2147483647;
			files = (
			);
			inputFileListPaths = (
			);
			inputPaths = (
				"${PODS_PODFILE_DIR_PATH}/Podfile.lock",
				"${PODS_ROOT}/Manifest.lock",
			);
			name = "[CP] Check Pods Manifest.lock";
			outputFileListPaths = (
			);
			outputPaths = (
				"$(DERIVED_FILE_DIR)/Pods-E-Commerce Application Admin-checkManifestLockResult.txt",
			);
			runOnlyForDeploymentPostprocessing = 0;
			shellPath = /bin/sh;
			shellScript = "diff \"${PODS_PODFILE_DIR_PATH}/Podfile.lock\" \"${PODS_ROOT}/Manifest.lock\" > /dev/null\nif [ $? != 0 ] ; then\n    # print error to STDERR\n    echo \"error: The sandbox is not in sync with the Podfile.lock. Run 'pod install' or update your CocoaPods installation.\" >&2\n    exit 1\nfi\n# This output is used by Xcode 'outputs' to avoid re-running this script phase.\necho \"SUCCESS\" > \"${SCRIPT_OUTPUT_FILE_0}\"\n";
			showEnvVarsInLog = 0;
		};
		B91DEFBD93F1EB82108623F9 /* [CP] Check Pods Manifest.lock */ = {
			isa = PBXShellScriptBuildPhase;
			buildActionMask = 2147483647;
			files = (
			);
			inputFileListPaths = (
			);
			inputPaths = (
				"${PODS_PODFILE_DIR_PATH}/Podfile.lock",
				"${PODS_ROOT}/Manifest.lock",
			);
			name = "[CP] Check Pods Manifest.lock";
			outputFileListPaths = (
			);
			outputPaths = (
				"$(DERIVED_FILE_DIR)/Pods-E-Commerce Application AdminTests-checkManifestLockResult.txt",
			);
			runOnlyForDeploymentPostprocessing = 0;
			shellPath = /bin/sh;
			shellScript = "diff \"${PODS_PODFILE_DIR_PATH}/Podfile.lock\" \"${PODS_ROOT}/Manifest.lock\" > /dev/null\nif [ $? != 0 ] ; then\n    # print error to STDERR\n    echo \"error: The sandbox is not in sync with the Podfile.lock. Run 'pod install' or update your CocoaPods installation.\" >&2\n    exit 1\nfi\n# This output is used by Xcode 'outputs' to avoid re-running this script phase.\necho \"SUCCESS\" > \"${SCRIPT_OUTPUT_FILE_0}\"\n";
			showEnvVarsInLog = 0;
		};
		D0B3196A8C5BB8B31E3D976C /* [CP] Embed Pods Frameworks */ = {
			isa = PBXShellScriptBuildPhase;
			buildActionMask = 2147483647;
			files = (
			);
			inputFileListPaths = (
				"${PODS_ROOT}/Target Support Files/Pods-E-Commerce Application Admin/Pods-E-Commerce Application Admin-frameworks-${CONFIGURATION}-input-files.xcfilelist",
			);
			name = "[CP] Embed Pods Frameworks";
			outputFileListPaths = (
				"${PODS_ROOT}/Target Support Files/Pods-E-Commerce Application Admin/Pods-E-Commerce Application Admin-frameworks-${CONFIGURATION}-output-files.xcfilelist",
			);
			runOnlyForDeploymentPostprocessing = 0;
			shellPath = /bin/sh;
			shellScript = "\"${PODS_ROOT}/Target Support Files/Pods-E-Commerce Application Admin/Pods-E-Commerce Application Admin-frameworks.sh\"\n";
			showEnvVarsInLog = 0;
		};
/* End PBXShellScriptBuildPhase section */

/* Begin PBXSourcesBuildPhase section */
		09C05C8B285C78F80071F607 /* Sources */ = {
			isa = PBXSourcesBuildPhase;
			buildActionMask = 2147483647;
			files = (
				09C05C9C285C78FD0071F607 /* Persistence.swift in Sources */,
				09C05C95285C78F80071F607 /* ContentView.swift in Sources */,
				09C05C93285C78F80071F607 /* E_Commerce_Application_AdminApp.swift in Sources */,
				09C05C9F285C78FD0071F607 /* E_Commerce_Application_Admin.xcdatamodeld in Sources */,
			);
			runOnlyForDeploymentPostprocessing = 0;
		};
		09C05CA0285C78FE0071F607 /* Sources */ = {
			isa = PBXSourcesBuildPhase;
			buildActionMask = 2147483647;
			files = (
				09C05CA9285C78FE0071F607 /* E_Commerce_Application_AdminTests.swift in Sources */,
			);
			runOnlyForDeploymentPostprocessing = 0;
		};
		09C05CAA285C78FE0071F607 /* Sources */ = {
			isa = PBXSourcesBuildPhase;
			buildActionMask = 2147483647;
			files = (
				09C05CB5285C78FE0071F607 /* E_Commerce_Application_AdminUITestsLaunchTests.swift in Sources */,
				09C05CB3285C78FE0071F607 /* E_Commerce_Application_AdminUITests.swift in Sources */,
			);
			runOnlyForDeploymentPostprocessing = 0;
		};
/* End PBXSourcesBuildPhase section */

/* Begin PBXTargetDependency section */
		09C05CA6285C78FE0071F607 /* PBXTargetDependency */ = {
			isa = PBXTargetDependency;
			target = 09C05C8E285C78F80071F607 /* E-Commerce Application Admin */;
			targetProxy = 09C05CA5285C78FE0071F607 /* PBXContainerItemProxy */;
		};
		09C05CB0285C78FE0071F607 /* PBXTargetDependency */ = {
			isa = PBXTargetDependency;
			target = 09C05C8E285C78F80071F607 /* E-Commerce Application Admin */;
			targetProxy = 09C05CAF285C78FE0071F607 /* PBXContainerItemProxy */;
		};
/* End PBXTargetDependency section */

/* Begin XCBuildConfiguration section */
		09C05CB6285C78FE0071F607 /* Debug */ = {
			isa = XCBuildConfiguration;
			buildSettings = {
				ALWAYS_SEARCH_USER_PATHS = NO;
				CLANG_ANALYZER_NONNULL = YES;
				CLANG_ANALYZER_NUMBER_OBJECT_CONVERSION = YES_AGGRESSIVE;
				CLANG_CXX_LANGUAGE_STANDARD = "gnu++17";
				CLANG_ENABLE_MODULES = YES;
				CLANG_ENABLE_OBJC_ARC = YES;
				CLANG_ENABLE_OBJC_WEAK = YES;
				CLANG_WARN_BLOCK_CAPTURE_AUTORELEASING = YES;
				CLANG_WARN_BOOL_CONVERSION = YES;
				CLANG_WARN_COMMA = YES;
				CLANG_WARN_CONSTANT_CONVERSION = YES;
				CLANG_WARN_DEPRECATED_OBJC_IMPLEMENTATIONS = YES;
				CLANG_WARN_DIRECT_OBJC_ISA_USAGE = YES_ERROR;
				CLANG_WARN_DOCUMENTATION_COMMENTS = YES;
				CLANG_WARN_EMPTY_BODY = YES;
				CLANG_WARN_ENUM_CONVERSION = YES;
				CLANG_WARN_INFINITE_RECURSION = YES;
				CLANG_WARN_INT_CONVERSION = YES;
				CLANG_WARN_NON_LITERAL_NULL_CONVERSION = YES;
				CLANG_WARN_OBJC_IMPLICIT_RETAIN_SELF = YES;
				CLANG_WARN_OBJC_LITERAL_CONVERSION = YES;
				CLANG_WARN_OBJC_ROOT_CLASS = YES_ERROR;
				CLANG_WARN_QUOTED_INCLUDE_IN_FRAMEWORK_HEADER = YES;
				CLANG_WARN_RANGE_LOOP_ANALYSIS = YES;
				CLANG_WARN_STRICT_PROTOTYPES = YES;
				CLANG_WARN_SUSPICIOUS_MOVE = YES;
				CLANG_WARN_UNGUARDED_AVAILABILITY = YES_AGGRESSIVE;
				CLANG_WARN_UNREACHABLE_CODE = YES;
				CLANG_WARN__DUPLICATE_METHOD_MATCH = YES;
				COPY_PHASE_STRIP = NO;
				DEBUG_INFORMATION_FORMAT = dwarf;
				ENABLE_STRICT_OBJC_MSGSEND = YES;
				ENABLE_TESTABILITY = YES;
				GCC_C_LANGUAGE_STANDARD = gnu11;
				GCC_DYNAMIC_NO_PIC = NO;
				GCC_NO_COMMON_BLOCKS = YES;
				GCC_OPTIMIZATION_LEVEL = 0;
				GCC_PREPROCESSOR_DEFINITIONS = (
					"DEBUG=1",
					"$(inherited)",
				);
				GCC_WARN_64_TO_32_BIT_CONVERSION = YES;
				GCC_WARN_ABOUT_RETURN_TYPE = YES_ERROR;
				GCC_WARN_UNDECLARED_SELECTOR = YES;
				GCC_WARN_UNINITIALIZED_AUTOS = YES_AGGRESSIVE;
				GCC_WARN_UNUSED_FUNCTION = YES;
				GCC_WARN_UNUSED_VARIABLE = YES;
				IPHONEOS_DEPLOYMENT_TARGET = 15.4;
				MTL_ENABLE_DEBUG_INFO = INCLUDE_SOURCE;
				MTL_FAST_MATH = YES;
				ONLY_ACTIVE_ARCH = YES;
				SDKROOT = iphoneos;
				SWIFT_ACTIVE_COMPILATION_CONDITIONS = DEBUG;
				SWIFT_OPTIMIZATION_LEVEL = "-Onone";
			};
			name = Debug;
		};
		09C05CB7285C78FE0071F607 /* Release */ = {
			isa = XCBuildConfiguration;
			buildSettings = {
				ALWAYS_SEARCH_USER_PATHS = NO;
				CLANG_ANALYZER_NONNULL = YES;
				CLANG_ANALYZER_NUMBER_OBJECT_CONVERSION = YES_AGGRESSIVE;
				CLANG_CXX_LANGUAGE_STANDARD = "gnu++17";
				CLANG_ENABLE_MODULES = YES;
				CLANG_ENABLE_OBJC_ARC = YES;
				CLANG_ENABLE_OBJC_WEAK = YES;
				CLANG_WARN_BLOCK_CAPTURE_AUTORELEASING = YES;
				CLANG_WARN_BOOL_CONVERSION = YES;
				CLANG_WARN_COMMA = YES;
				CLANG_WARN_CONSTANT_CONVERSION = YES;
				CLANG_WARN_DEPRECATED_OBJC_IMPLEMENTATIONS = YES;
				CLANG_WARN_DIRECT_OBJC_ISA_USAGE = YES_ERROR;
				CLANG_WARN_DOCUMENTATION_COMMENTS = YES;
				CLANG_WARN_EMPTY_BODY = YES;
				CLANG_WARN_ENUM_CONVERSION = YES;
				CLANG_WARN_INFINITE_RECURSION = YES;
				CLANG_WARN_INT_CONVERSION = YES;
				CLANG_WARN_NON_LITERAL_NULL_CONVERSION = YES;
				CLANG_WARN_OBJC_IMPLICIT_RETAIN_SELF = YES;
				CLANG_WARN_OBJC_LITERAL_CONVERSION = YES;
				CLANG_WARN_OBJC_ROOT_CLASS = YES_ERROR;
				CLANG_WARN_QUOTED_INCLUDE_IN_FRAMEWORK_HEADER = YES;
				CLANG_WARN_RANGE_LOOP_ANALYSIS = YES;
				CLANG_WARN_STRICT_PROTOTYPES = YES;
				CLANG_WARN_SUSPICIOUS_MOVE = YES;
				CLANG_WARN_UNGUARDED_AVAILABILITY = YES_AGGRESSIVE;
				CLANG_WARN_UNREACHABLE_CODE = YES;
				CLANG_WARN__DUPLICATE_METHOD_MATCH = YES;
				COPY_PHASE_STRIP = NO;
				DEBUG_INFORMATION_FORMAT = "dwarf-with-dsym";
				ENABLE_NS_ASSERTIONS = NO;
				ENABLE_STRICT_OBJC_MSGSEND = YES;
				GCC_C_LANGUAGE_STANDARD = gnu11;
				GCC_NO_COMMON_BLOCKS = YES;
				GCC_WARN_64_TO_32_BIT_CONVERSION = YES;
				GCC_WARN_ABOUT_RETURN_TYPE = YES_ERROR;
				GCC_WARN_UNDECLARED_SELECTOR = YES;
				GCC_WARN_UNINITIALIZED_AUTOS = YES_AGGRESSIVE;
				GCC_WARN_UNUSED_FUNCTION = YES;
				GCC_WARN_UNUSED_VARIABLE = YES;
				IPHONEOS_DEPLOYMENT_TARGET = 15.4;
				MTL_ENABLE_DEBUG_INFO = NO;
				MTL_FAST_MATH = YES;
				SDKROOT = iphoneos;
				SWIFT_COMPILATION_MODE = wholemodule;
				SWIFT_OPTIMIZATION_LEVEL = "-O";
				VALIDATE_PRODUCT = YES;
			};
			name = Release;
		};
		09C05CB9285C78FE0071F607 /* Debug */ = {
			isa = XCBuildConfiguration;
			baseConfigurationReference = 2AA8B8A96E41445638717CDE /* Pods-E-Commerce Application Admin.debug.xcconfig */;
			buildSettings = {
				ASSETCATALOG_COMPILER_APPICON_NAME = AppIcon;
				ASSETCATALOG_COMPILER_GLOBAL_ACCENT_COLOR_NAME = AccentColor;
				CODE_SIGN_STYLE = Automatic;
				CURRENT_PROJECT_VERSION = 1;
				DEVELOPMENT_ASSET_PATHS = "\"E-Commerce Application Admin/Preview Content\"";
				ENABLE_PREVIEWS = YES;
				GENERATE_INFOPLIST_FILE = YES;
				INFOPLIST_KEY_UIApplicationSceneManifest_Generation = YES;
				INFOPLIST_KEY_UIApplicationSupportsIndirectInputEvents = YES;
				INFOPLIST_KEY_UILaunchScreen_Generation = YES;
				INFOPLIST_KEY_UISupportedInterfaceOrientations_iPad = "UIInterfaceOrientationPortrait UIInterfaceOrientationPortraitUpsideDown UIInterfaceOrientationLandscapeLeft UIInterfaceOrientationLandscapeRight";
				INFOPLIST_KEY_UISupportedInterfaceOrientations_iPhone = "UIInterfaceOrientationPortrait UIInterfaceOrientationLandscapeLeft UIInterfaceOrientationLandscapeRight";
				LD_RUNPATH_SEARCH_PATHS = (
					"$(inherited)",
					"@executable_path/Frameworks",
				);
				MARKETING_VERSION = 1.0;
				PRODUCT_BUNDLE_IDENTIFIER = "iti.E-Commerce-Application-Admin";
				PRODUCT_NAME = "$(TARGET_NAME)";
				SWIFT_EMIT_LOC_STRINGS = YES;
				SWIFT_VERSION = 5.0;
				TARGETED_DEVICE_FAMILY = "1,2";
			};
			name = Debug;
		};
		09C05CBA285C78FE0071F607 /* Release */ = {
			isa = XCBuildConfiguration;
			baseConfigurationReference = A87B3E112B2FE9A4DC5C22A1 /* Pods-E-Commerce Application Admin.release.xcconfig */;
			buildSettings = {
				ASSETCATALOG_COMPILER_APPICON_NAME = AppIcon;
				ASSETCATALOG_COMPILER_GLOBAL_ACCENT_COLOR_NAME = AccentColor;
				CODE_SIGN_STYLE = Automatic;
				CURRENT_PROJECT_VERSION = 1;
				DEVELOPMENT_ASSET_PATHS = "\"E-Commerce Application Admin/Preview Content\"";
				ENABLE_PREVIEWS = YES;
				GENERATE_INFOPLIST_FILE = YES;
				INFOPLIST_KEY_UIApplicationSceneManifest_Generation = YES;
				INFOPLIST_KEY_UIApplicationSupportsIndirectInputEvents = YES;
				INFOPLIST_KEY_UILaunchScreen_Generation = YES;
				INFOPLIST_KEY_UISupportedInterfaceOrientations_iPad = "UIInterfaceOrientationPortrait UIInterfaceOrientationPortraitUpsideDown UIInterfaceOrientationLandscapeLeft UIInterfaceOrientationLandscapeRight";
				INFOPLIST_KEY_UISupportedInterfaceOrientations_iPhone = "UIInterfaceOrientationPortrait UIInterfaceOrientationLandscapeLeft UIInterfaceOrientationLandscapeRight";
				LD_RUNPATH_SEARCH_PATHS = (
					"$(inherited)",
					"@executable_path/Frameworks",
				);
				MARKETING_VERSION = 1.0;
				PRODUCT_BUNDLE_IDENTIFIER = "iti.E-Commerce-Application-Admin";
				PRODUCT_NAME = "$(TARGET_NAME)";
				SWIFT_EMIT_LOC_STRINGS = YES;
				SWIFT_VERSION = 5.0;
				TARGETED_DEVICE_FAMILY = "1,2";
			};
			name = Release;
		};
		09C05CBC285C78FE0071F607 /* Debug */ = {
			isa = XCBuildConfiguration;
			baseConfigurationReference = D61E02A1BAF8CF469BC88366 /* Pods-E-Commerce Application AdminTests.debug.xcconfig */;
			buildSettings = {
				ALWAYS_EMBED_SWIFT_STANDARD_LIBRARIES = YES;
				BUNDLE_LOADER = "$(TEST_HOST)";
				CODE_SIGN_STYLE = Automatic;
				CURRENT_PROJECT_VERSION = 1;
				GENERATE_INFOPLIST_FILE = YES;
				IPHONEOS_DEPLOYMENT_TARGET = 15.4;
				MARKETING_VERSION = 1.0;
				PRODUCT_BUNDLE_IDENTIFIER = "iti.E-Commerce-Application-AdminTests";
				PRODUCT_NAME = "$(TARGET_NAME)";
				SWIFT_EMIT_LOC_STRINGS = NO;
				SWIFT_VERSION = 5.0;
				TARGETED_DEVICE_FAMILY = "1,2";
				TEST_HOST = "$(BUILT_PRODUCTS_DIR)/E-Commerce Application Admin.app/E-Commerce Application Admin";
			};
			name = Debug;
		};
		09C05CBD285C78FE0071F607 /* Release */ = {
			isa = XCBuildConfiguration;
			baseConfigurationReference = D70CC7EA7604CD1402C38279 /* Pods-E-Commerce Application AdminTests.release.xcconfig */;
			buildSettings = {
				ALWAYS_EMBED_SWIFT_STANDARD_LIBRARIES = YES;
				BUNDLE_LOADER = "$(TEST_HOST)";
				CODE_SIGN_STYLE = Automatic;
				CURRENT_PROJECT_VERSION = 1;
				GENERATE_INFOPLIST_FILE = YES;
				IPHONEOS_DEPLOYMENT_TARGET = 15.4;
				MARKETING_VERSION = 1.0;
				PRODUCT_BUNDLE_IDENTIFIER = "iti.E-Commerce-Application-AdminTests";
				PRODUCT_NAME = "$(TARGET_NAME)";
				SWIFT_EMIT_LOC_STRINGS = NO;
				SWIFT_VERSION = 5.0;
				TARGETED_DEVICE_FAMILY = "1,2";
				TEST_HOST = "$(BUILT_PRODUCTS_DIR)/E-Commerce Application Admin.app/E-Commerce Application Admin";
			};
			name = Release;
		};
		09C05CBF285C78FE0071F607 /* Debug */ = {
			isa = XCBuildConfiguration;
			baseConfigurationReference = D3B2D6E70271CFF581A51991 /* Pods-E-Commerce Application Admin-E-Commerce Application AdminUITests.debug.xcconfig */;
			buildSettings = {
				ALWAYS_EMBED_SWIFT_STANDARD_LIBRARIES = YES;
				CODE_SIGN_STYLE = Automatic;
				CURRENT_PROJECT_VERSION = 1;
				GENERATE_INFOPLIST_FILE = YES;
				MARKETING_VERSION = 1.0;
				PRODUCT_BUNDLE_IDENTIFIER = "iti.E-Commerce-Application-AdminUITests";
				PRODUCT_NAME = "$(TARGET_NAME)";
				SWIFT_EMIT_LOC_STRINGS = NO;
				SWIFT_VERSION = 5.0;
				TARGETED_DEVICE_FAMILY = "1,2";
				TEST_TARGET_NAME = "E-Commerce Application Admin";
			};
			name = Debug;
		};
		09C05CC0285C78FE0071F607 /* Release */ = {
			isa = XCBuildConfiguration;
			baseConfigurationReference = 709EB86679631A036726A575 /* Pods-E-Commerce Application Admin-E-Commerce Application AdminUITests.release.xcconfig */;
			buildSettings = {
				ALWAYS_EMBED_SWIFT_STANDARD_LIBRARIES = YES;
				CODE_SIGN_STYLE = Automatic;
				CURRENT_PROJECT_VERSION = 1;
				GENERATE_INFOPLIST_FILE = YES;
				MARKETING_VERSION = 1.0;
				PRODUCT_BUNDLE_IDENTIFIER = "iti.E-Commerce-Application-AdminUITests";
				PRODUCT_NAME = "$(TARGET_NAME)";
				SWIFT_EMIT_LOC_STRINGS = NO;
				SWIFT_VERSION = 5.0;
				TARGETED_DEVICE_FAMILY = "1,2";
				TEST_TARGET_NAME = "E-Commerce Application Admin";
			};
			name = Release;
		};
/* End XCBuildConfiguration section */

/* Begin XCConfigurationList section */
		09C05C8A285C78F80071F607 /* Build configuration list for PBXProject "E-Commerce Application Admin" */ = {
			isa = XCConfigurationList;
			buildConfigurations = (
				09C05CB6285C78FE0071F607 /* Debug */,
				09C05CB7285C78FE0071F607 /* Release */,
			);
			defaultConfigurationIsVisible = 0;
			defaultConfigurationName = Release;
		};
		09C05CB8285C78FE0071F607 /* Build configuration list for PBXNativeTarget "E-Commerce Application Admin" */ = {
			isa = XCConfigurationList;
			buildConfigurations = (
				09C05CB9285C78FE0071F607 /* Debug */,
				09C05CBA285C78FE0071F607 /* Release */,
			);
			defaultConfigurationIsVisible = 0;
			defaultConfigurationName = Release;
		};
		09C05CBB285C78FE0071F607 /* Build configuration list for PBXNativeTarget "E-Commerce Application AdminTests" */ = {
			isa = XCConfigurationList;
			buildConfigurations = (
				09C05CBC285C78FE0071F607 /* Debug */,
				09C05CBD285C78FE0071F607 /* Release */,
			);
			defaultConfigurationIsVisible = 0;
			defaultConfigurationName = Release;
		};
		09C05CBE285C78FE0071F607 /* Build configuration list for PBXNativeTarget "E-Commerce Application AdminUITests" */ = {
			isa = XCConfigurationList;
			buildConfigurations = (
				09C05CBF285C78FE0071F607 /* Debug */,
				09C05CC0285C78FE0071F607 /* Release */,
			);
			defaultConfigurationIsVisible = 0;
			defaultConfigurationName = Release;
		};
/* End XCConfigurationList section */

/* Begin XCVersionGroup section */
		09C05C9D285C78FD0071F607 /* E_Commerce_Application_Admin.xcdatamodeld */ = {
			isa = XCVersionGroup;
			children = (
				09C05C9E285C78FD0071F607 /* E_Commerce_Application_Admin.xcdatamodel */,
			);
			currentVersion = 09C05C9E285C78FD0071F607 /* E_Commerce_Application_Admin.xcdatamodel */;
			path = E_Commerce_Application_Admin.xcdatamodeld;
			sourceTree = "<group>";
			versionGroupType = wrapper.xcdatamodel;
		};
/* End XCVersionGroup section */
	};
	rootObject = 09C05C87285C78F80071F607 /* Project object */;
}
